
Microsoft Visual Studio Solution File, Format Version 12.00
# Visual Studio Version 17
VisualStudioVersion = 17.4.33205.214
MinimumVisualStudioVersion = 10.0.40219.1
Project("{8BC9CEB8-8B4A-11D0-8D11-00A0C91BC942}") = "DriverManager", "DriverManager\DriverManager.vcxproj", "{EE6A227D-0E5A-4172-A3A3-EE937E59D793}"
EndProject
Global
	GlobalSection(SolutionConfigurationPlatforms) = preSolution
		Debug|x64 = Debug|x64
		Debug|x86 = Debug|x86
		Release|x64 = Release|x64
		Release|x86 = Release|x86
	EndGlobalSection
	GlobalSection(ProjectConfigurationPlatforms) = postSolution
		{EE6A227D-0E5A-4172-A3A3-EE937E59D793}.Debug|x64.ActiveCfg = Debug|x64
		{EE6A227D-0E5A-4172-A3A3-EE937E59D793}.Debug|x64.Build.0 = Debug|x64
		{EE6A227D-0E5A-4172-A3A3-EE937E59D793}.Debug|x86.ActiveCfg = Debug|Win32
		{EE6A227D-0E5A-4172-A3A3-EE937E59D793}.Debug|x86.Build.0 = Debug|Win32
		{EE6A227D-0E5A-4172-A3A3-EE937E59D793}.Release|x64.ActiveCfg = Release|x64
		{EE6A227D-0E5A-4172-A3A3-EE937E59D793}.Release|x64.Build.0 = Release|x64
		{EE6A227D-0E5A-4172-A3A3-EE937E59D793}.Release|x86.ActiveCfg = Release|Win32
		{EE6A227D-0E5A-4172-A3A3-EE937E59D793}.Release|x86.Build.0 = Release|Win32
	EndGlobalSection
	GlobalSection(SolutionProperties) = preSolution
		HideSolutionNode = FALSE
	EndGlobalSection
	GlobalSection(ExtensibilityGlobals) = postSolution
		SolutionGuid = {6FA5BAD0-C6E9-4BDE-AA54-C7E5D228E527}
	EndGlobalSection
EndGlobal
